
Microsoft Visual Studio Solution File, Format Version 12.00
# Visual Studio 15
VisualStudioVersion = 15.0.26430.16
MinimumVisualStudioVersion = 10.0.40219.1
Project("{FAE04EC0-301F-11D3-BF4B-00C04F79EFBC}") = "RoutinesLibrary.Core", "RoutinesLibrary.Core\RoutinesLibrary.Core.csproj", "{A42AF631-08CC-446A-99C7-68131A48405D}"
EndProject
Project("{FAE04EC0-301F-11D3-BF4B-00C04F79EFBC}") = "RoutinesLibrary.Net", "RoutinesLibrary.Net\RoutinesLibrary.Net.csproj", "{E71255BD-6CAF-4748-B71E-300E338C7821}"
EndProject
Project("{FAE04EC0-301F-11D3-BF4B-00C04F79EFBC}") = "RoutinesLibrary.Services", "RoutinesLibrary.Services\RoutinesLibrary.Services.csproj", "{3F29C840-E895-476D-B47A-6564699F5F02}"
EndProject
Project("{FAE04EC0-301F-11D3-BF4B-00C04F79EFBC}") = "RoutinesLibrary.Shell", "RoutinesLibrary.Shell\RoutinesLibrary.Shell.csproj", "{EC84EF9B-21E1-4FE8-B35B-508D2B549941}"
EndProject
Project("{FAE04EC0-301F-11D3-BF4B-00C04F79EFBC}") = "RoutinesLibrary.Drawing", "RoutinesLibrary.Drawing\RoutinesLibrary.Drawing.csproj", "{A93B5366-4572-4C8E-8FB0-18979800264D}"
EndProject
Project("{FAE04EC0-301F-11D3-BF4B-00C04F79EFBC}") = "RoutinesLibrary.Winforms", "RoutinesLibrary.Winforms\RoutinesLibrary.Winforms.csproj", "{C44B9EED-A13D-4CB3-9429-33CD47945E9D}"
EndProject
Project("{FAE04EC0-301F-11D3-BF4B-00C04F79EFBC}") = "RoutinesLibrary.CoreTests", "RoutinesLibrary.CoreTests\RoutinesLibrary.CoreTests.csproj", "{AB47B491-D2F4-43A0-96A9-57A00C309843}"
EndProject
Global
	GlobalSection(SolutionConfigurationPlatforms) = preSolution
		Debug|Any CPU = Debug|Any CPU
		Release|Any CPU = Release|Any CPU
	EndGlobalSection
	GlobalSection(ProjectConfigurationPlatforms) = postSolution
		{A42AF631-08CC-446A-99C7-68131A48405D}.Debug|Any CPU.ActiveCfg = Debug|Any CPU
		{A42AF631-08CC-446A-99C7-68131A48405D}.Debug|Any CPU.Build.0 = Debug|Any CPU
		{A42AF631-08CC-446A-99C7-68131A48405D}.Release|Any CPU.ActiveCfg = Release|Any CPU
		{A42AF631-08CC-446A-99C7-68131A48405D}.Release|Any CPU.Build.0 = Release|Any CPU
		{E71255BD-6CAF-4748-B71E-300E338C7821}.Debug|Any CPU.ActiveCfg = Debug|Any CPU
		{E71255BD-6CAF-4748-B71E-300E338C7821}.Debug|Any CPU.Build.0 = Debug|Any CPU
		{E71255BD-6CAF-4748-B71E-300E338C7821}.Release|Any CPU.ActiveCfg = Release|Any CPU
		{E71255BD-6CAF-4748-B71E-300E338C7821}.Release|Any CPU.Build.0 = Release|Any CPU
		{3F29C840-E895-476D-B47A-6564699F5F02}.Debug|Any CPU.ActiveCfg = Debug|Any CPU
		{3F29C840-E895-476D-B47A-6564699F5F02}.Debug|Any CPU.Build.0 = Debug|Any CPU
		{3F29C840-E895-476D-B47A-6564699F5F02}.Release|Any CPU.ActiveCfg = Release|Any CPU
		{3F29C840-E895-476D-B47A-6564699F5F02}.Release|Any CPU.Build.0 = Release|Any CPU
		{EC84EF9B-21E1-4FE8-B35B-508D2B549941}.Debug|Any CPU.ActiveCfg = Debug|Any CPU
		{EC84EF9B-21E1-4FE8-B35B-508D2B549941}.Debug|Any CPU.Build.0 = Debug|Any CPU
		{EC84EF9B-21E1-4FE8-B35B-508D2B549941}.Release|Any CPU.ActiveCfg = Release|Any CPU
		{EC84EF9B-21E1-4FE8-B35B-508D2B549941}.Release|Any CPU.Build.0 = Release|Any CPU
		{A93B5366-4572-4C8E-8FB0-18979800264D}.Debug|Any CPU.ActiveCfg = Debug|Any CPU
		{A93B5366-4572-4C8E-8FB0-18979800264D}.Debug|Any CPU.Build.0 = Debug|Any CPU
		{A93B5366-4572-4C8E-8FB0-18979800264D}.Release|Any CPU.ActiveCfg = Release|Any CPU
		{A93B5366-4572-4C8E-8FB0-18979800264D}.Release|Any CPU.Build.0 = Release|Any CPU
		{C44B9EED-A13D-4CB3-9429-33CD47945E9D}.Debug|Any CPU.ActiveCfg = Debug|Any CPU
		{C44B9EED-A13D-4CB3-9429-33CD47945E9D}.Debug|Any CPU.Build.0 = Debug|Any CPU
		{C44B9EED-A13D-4CB3-9429-33CD47945E9D}.Release|Any CPU.ActiveCfg = Release|Any CPU
		{C44B9EED-A13D-4CB3-9429-33CD47945E9D}.Release|Any CPU.Build.0 = Release|Any CPU
		{AB47B491-D2F4-43A0-96A9-57A00C309843}.Debug|Any CPU.ActiveCfg = Debug|Any CPU
		{AB47B491-D2F4-43A0-96A9-57A00C309843}.Debug|Any CPU.Build.0 = Debug|Any CPU
		{AB47B491-D2F4-43A0-96A9-57A00C309843}.Release|Any CPU.ActiveCfg = Release|Any CPU
		{AB47B491-D2F4-43A0-96A9-57A00C309843}.Release|Any CPU.Build.0 = Release|Any CPU
	EndGlobalSection
	GlobalSection(SolutionProperties) = preSolution
		HideSolutionNode = FALSE
	EndGlobalSection
	GlobalSection(ExtensibilityGlobals) = postSolution
		SolutionGuid = {1D31F93C-1393-4036-83EB-7BBBF25C4885}
	EndGlobalSection
EndGlobal
